
Microsoft Visual Studio Solution File, Format Version 12.00
# Visual Studio Version 16
VisualStudioVersion = 16.0.31515.178
MinimumVisualStudioVersion = 10.0.40219.1
Project("{FAE04EC0-301F-11D3-BF4B-00C04F79EFBC}") = "GUI", "GUI\GUI.csproj", "{B06A2AC6-F2C7-4E4D-9E36-2DD14BD2144A}"
EndProject
Project("{FAE04EC0-301F-11D3-BF4B-00C04F79EFBC}") = "BIZ", "BIZ\BIZ.csproj", "{F65D20E8-67E9-4E45-815D-E0004FD0F1B3}"
EndProject
Project("{FAE04EC0-301F-11D3-BF4B-00C04F79EFBC}") = "IO", "IO\IO.csproj", "{501857EA-79D9-45DE-85A7-2E062B55D8E3}"
EndProject
Project("{FAE04EC0-301F-11D3-BF4B-00C04F79EFBC}") = "Repository", "Repository\Repository.csproj", "{78326DE5-59C9-40BB-9128-92BDCDE45FEC}"
EndProject
Global
	GlobalSection(SolutionConfigurationPlatforms) = preSolution
		Debug|Any CPU = Debug|Any CPU
		Release|Any CPU = Release|Any CPU
	EndGlobalSection
	GlobalSection(ProjectConfigurationPlatforms) = postSolution
		{B06A2AC6-F2C7-4E4D-9E36-2DD14BD2144A}.Debug|Any CPU.ActiveCfg = Debug|Any CPU
		{B06A2AC6-F2C7-4E4D-9E36-2DD14BD2144A}.Debug|Any CPU.Build.0 = Debug|Any CPU
		{B06A2AC6-F2C7-4E4D-9E36-2DD14BD2144A}.Release|Any CPU.ActiveCfg = Release|Any CPU
		{B06A2AC6-F2C7-4E4D-9E36-2DD14BD2144A}.Release|Any CPU.Build.0 = Release|Any CPU
		{F65D20E8-67E9-4E45-815D-E0004FD0F1B3}.Debug|Any CPU.ActiveCfg = Debug|Any CPU
		{F65D20E8-67E9-4E45-815D-E0004FD0F1B3}.Debug|Any CPU.Build.0 = Debug|Any CPU
		{F65D20E8-67E9-4E45-815D-E0004FD0F1B3}.Release|Any CPU.ActiveCfg = Release|Any CPU
		{F65D20E8-67E9-4E45-815D-E0004FD0F1B3}.Release|Any CPU.Build.0 = Release|Any CPU
		{501857EA-79D9-45DE-85A7-2E062B55D8E3}.Debug|Any CPU.ActiveCfg = Debug|Any CPU
		{501857EA-79D9-45DE-85A7-2E062B55D8E3}.Debug|Any CPU.Build.0 = Debug|Any CPU
		{501857EA-79D9-45DE-85A7-2E062B55D8E3}.Release|Any CPU.ActiveCfg = Release|Any CPU
		{501857EA-79D9-45DE-85A7-2E062B55D8E3}.Release|Any CPU.Build.0 = Release|Any CPU
		{78326DE5-59C9-40BB-9128-92BDCDE45FEC}.Debug|Any CPU.ActiveCfg = Debug|Any CPU
		{78326DE5-59C9-40BB-9128-92BDCDE45FEC}.Debug|Any CPU.Build.0 = Debug|Any CPU
		{78326DE5-59C9-40BB-9128-92BDCDE45FEC}.Release|Any CPU.ActiveCfg = Release|Any CPU
		{78326DE5-59C9-40BB-9128-92BDCDE45FEC}.Release|Any CPU.Build.0 = Release|Any CPU
	EndGlobalSection
	GlobalSection(SolutionProperties) = preSolution
		HideSolutionNode = FALSE
	EndGlobalSection
	GlobalSection(ExtensibilityGlobals) = postSolution
		SolutionGuid = {127F5D33-1F0A-4A48-A327-53E1C47E3257}
	EndGlobalSection
EndGlobal
